Microsoft Visual Studio Solution File, Format Version 11.00
# Visual Studio 2008

Project("{7C90EEB8-C67C-CE22-30B6-F7E184104EE2}") = "UFO controler", "Assembly-CSharp.csproj", "{F8B87350-174F-467D-4922-BF7689D7E351}"
EndProject
Global
	GlobalSection(SolutionConfigurationPlatforms) = preSolution
		Debug|Any CPU = Debug|Any CPU
		Release|Any CPU = Release|Any CPU
	EndGlobalSection
	GlobalSection(ProjectConfigurationPlatforms) = postSolution
		{F8B87350-174F-467D-4922-BF7689D7E351}.Debug|Any CPU.ActiveCfg = Debug|Any CPU
		{F8B87350-174F-467D-4922-BF7689D7E351}.Debug|Any CPU.Build.0 = Debug|Any CPU
		{F8B87350-174F-467D-4922-BF7689D7E351}.Release|Any CPU.ActiveCfg = Release|Any CPU
		{F8B87350-174F-467D-4922-BF7689D7E351}.Release|Any CPU.Build.0 = Release|Any CPU
	EndGlobalSection
	GlobalSection(SolutionProperties) = preSolution
		HideSolutionNode = FALSE
	EndGlobalSection
	GlobalSection(MonoDevelopProperties) = preSolution
		StartupItem = Assembly-CSharp.csproj
	EndGlobalSection
EndGlobal
